<?xml version="1.0" encoding="utf-8"?>
<Project ToolsVersion="4.0" xmlns="http://schemas.microsoft.com/developer/msbuild/2003">
  <ItemGroup>
    <Filter Include="Source Files">
      <UniqueIdentifier>{56b84034-d7e4-4783-a20b-40343fa30dfa}</UniqueIdentifier>
      <Extensions>cpp;c;cxx;rc;def;r;odl;idl;hpj;bat</Extensions>
    </Filter>
    <Filter Include="Header Files">
      <UniqueIdentifier>{d63be392-aedb-4c2b-a61f-6a208b5e8779}</UniqueIdentifier>
      <Extensions>h;hpp;hxx;hm;inl</Extensions>
    </Filter>
    <Filter Include="Resource Files">
      <UniqueIdentifier>{7a7a50e5-d294-431f-b6f9-65b13bf8bad3}</UniqueIdentifier>
      <Extensions>ico;cur;bmp;dlg;rc2;rct;bin;rgs;gif;jpg;jpeg;jpe</Extensions>
    </Filter>
  </ItemGroup>
  <ItemGroup>
    <ClCompile Include="libezbc\arithmetic_codec.cpp">
      <Filter>Source Files</Filter>
    </ClCompile>
    <ClCompile Include="libezbc\bitbuffer.cpp">
      <Filter>Source Files</Filter>
    </ClCompile>
    <ClCompile Include="contourlet.cpp">
      <Filter>Source Files</Filter>
    </ClCompile>
    <ClCompile Include="dfb.cpp">
      <Filter>Source Files</Filter>
    </ClCompile>
    <ClCompile Include="ezbc.cpp">
      <Filter>Source Files</Filter>
    </ClCompile>
    <ClCompile Include="libezbc\ezbc_codec.cpp">
      <Filter>Source Files</Filter>
    </ClCompile>
    <ClCompile Include="libezbc\ezbc_decoder.cpp">
      <Filter>Source Files</Filter>
    </ClCompile>
    <ClCompile Include="libezbc\ezbc_encoder.cpp">
      <Filter>Source Files</Filter>
    </ClCompile>
    <ClCompile Include="libezbc\ezbc_tables.cpp">
      <Filter>Source Files</Filter>
    </ClCompile>
    <ClCompile Include="main.cpp">
      <Filter>Source Files</Filter>
    </ClCompile>
    <ClCompile Include="pyramid.cpp">
      <Filter>Source Files</Filter>
    </ClCompile>
  </ItemGroup>
  <ItemGroup>
    <ClInclude Include="libezbc\arithmetic_codec.h">
      <Filter>Header Files</Filter>
    </ClInclude>
    <ClInclude Include="libezbc\bitbuffer.h">
      <Filter>Header Files</Filter>
    </ClInclude>
    <ClInclude Include="contourlet.h">
      <Filter>Header Files</Filter>
    </ClInclude>
    <ClInclude Include="dfb.h">
      <Filter>Header Files</Filter>
    </ClInclude>
    <ClInclude Include="ezbc.h">
      <Filter>Header Files</Filter>
    </ClInclude>
    <ClInclude Include="libezbc\ezbc_codec.h">
      <Filter>Header Files</Filter>
    </ClInclude>
    <ClInclude Include="libezbc\ezbc_decoder.h">
      <Filter>Header Files</Filter>
    </ClInclude>
    <ClInclude Include="libezbc\ezbc_encoder.h">
      <Filter>Header Files</Filter>
    </ClInclude>
    <ClInclude Include="libezbc\ezbc_tables.h">
      <Filter>Header Files</Filter>
    </ClInclude>
    <ClInclude Include="libezbc\ezbc_types.h">
      <Filter>Header Files</Filter>
    </ClInclude>
    <ClInclude Include="pyramid.h">
      <Filter>Header Files</Filter>
    </ClInclude>
  </ItemGroup>
</Project>